
Microsoft Visual Studio Solution File, Format Version 12.00
# Visual Studio 15
VisualStudioVersion = 15.0.28307.438
MinimumVisualStudioVersion = 10.0.40219.1
Project("{FAE04EC0-301F-11D3-BF4B-00C04F79EFBC}") = "FYPV1", "FYPV1\FYPV1.csproj", "{C363F399-9FD9-4162-A6D3-E0E94E7C9396}"
EndProject
Global
	GlobalSection(SolutionConfigurationPlatforms) = preSolution
		Debug|Any CPU = Debug|Any CPU
		Release|Any CPU = Release|Any CPU
	EndGlobalSection
	GlobalSection(ProjectConfigurationPlatforms) = postSolution
		{C363F399-9FD9-4162-A6D3-E0E94E7C9396}.Debug|Any CPU.ActiveCfg = Debug|Any CPU
		{C363F399-9FD9-4162-A6D3-E0E94E7C9396}.Debug|Any CPU.Build.0 = Debug|Any CPU
		{C363F399-9FD9-4162-A6D3-E0E94E7C9396}.Release|Any CPU.ActiveCfg = Release|Any CPU
		{C363F399-9FD9-4162-A6D3-E0E94E7C9396}.Release|Any CPU.Build.0 = Release|Any CPU
	EndGlobalSection
	GlobalSection(SolutionProperties) = preSolution
		HideSolutionNode = FALSE
	EndGlobalSection
	GlobalSection(ExtensibilityGlobals) = postSolution
		SolutionGuid = {4D70992D-3285-476B-95AA-19181E025F9B}
	EndGlobalSection
EndGlobal
